
Microsoft Visual Studio Solution File, Format Version 12.00
# Visual Studio 15
VisualStudioVersion = 15.0.27130.2027
MinimumVisualStudioVersion = 10.0.40219.1
Project("{FAE04EC0-301F-11D3-BF4B-00C04F79EFBC}") = "DwarfGameMVC", "DwarfGameMVC\DwarfGameMVC.csproj", "{2B6AEAD6-4679-4C83-A2DA-4FB0F3D6E15B}"
EndProject
Project("{FAE04EC0-301F-11D3-BF4B-00C04F79EFBC}") = "DwarfGame.DAL", "DwarfGame.DAL\DwarfGame.DAL.csproj", "{28EA5B42-8513-4E59-94CD-770EAB00BD21}"
EndProject
Project("{FAE04EC0-301F-11D3-BF4B-00C04F79EFBC}") = "DwarfGame.Shared", "DwarfGame.Shared\DwarfGame.Shared.csproj", "{651CFA44-6A89-4864-9310-93794C0DF5CD}"
EndProject
Global
	GlobalSection(SolutionConfigurationPlatforms) = preSolution
		Debug|Any CPU = Debug|Any CPU
		Release|Any CPU = Release|Any CPU
	EndGlobalSection
	GlobalSection(ProjectConfigurationPlatforms) = postSolution
		{2B6AEAD6-4679-4C83-A2DA-4FB0F3D6E15B}.Debug|Any CPU.ActiveCfg = Debug|Any CPU
		{2B6AEAD6-4679-4C83-A2DA-4FB0F3D6E15B}.Debug|Any CPU.Build.0 = Debug|Any CPU
		{2B6AEAD6-4679-4C83-A2DA-4FB0F3D6E15B}.Release|Any CPU.ActiveCfg = Release|Any CPU
		{2B6AEAD6-4679-4C83-A2DA-4FB0F3D6E15B}.Release|Any CPU.Build.0 = Release|Any CPU
		{28EA5B42-8513-4E59-94CD-770EAB00BD21}.Debug|Any CPU.ActiveCfg = Debug|Any CPU
		{28EA5B42-8513-4E59-94CD-770EAB00BD21}.Debug|Any CPU.Build.0 = Debug|Any CPU
		{28EA5B42-8513-4E59-94CD-770EAB00BD21}.Release|Any CPU.ActiveCfg = Release|Any CPU
		{28EA5B42-8513-4E59-94CD-770EAB00BD21}.Release|Any CPU.Build.0 = Release|Any CPU
		{651CFA44-6A89-4864-9310-93794C0DF5CD}.Debug|Any CPU.ActiveCfg = Debug|Any CPU
		{651CFA44-6A89-4864-9310-93794C0DF5CD}.Debug|Any CPU.Build.0 = Debug|Any CPU
		{651CFA44-6A89-4864-9310-93794C0DF5CD}.Release|Any CPU.ActiveCfg = Release|Any CPU
		{651CFA44-6A89-4864-9310-93794C0DF5CD}.Release|Any CPU.Build.0 = Release|Any CPU
	EndGlobalSection
	GlobalSection(SolutionProperties) = preSolution
		HideSolutionNode = FALSE
	EndGlobalSection
	GlobalSection(ExtensibilityGlobals) = postSolution
		SolutionGuid = {D78F545E-6519-410F-8185-5CEB5FF7F2A6}
	EndGlobalSection
EndGlobal
